
Microsoft Visual Studio Solution File, Format Version 12.00
# Visual Studio Version 16
VisualStudioVersion = 16.0.31112.23
MinimumVisualStudioVersion = 10.0.40219.1
Project("{9A19103F-16F7-4668-BE54-9A1E7A4F7556}") = "Lexer", "Lexer\Lexer.csproj", "{DA9FF20C-2F2F-42CD-AA2B-D80C3189F17E}"
EndProject
Project("{FAE04EC0-301F-11D3-BF4B-00C04F79EFBC}") = "Lexer.Tests", "Lexer.Tests\Lexer.Tests.csproj", "{88981108-1D96-49A8-B61F-CBDE5340C26A}"
EndProject
Global
	GlobalSection(SolutionConfigurationPlatforms) = preSolution
		Debug|Any CPU = Debug|Any CPU
		Release|Any CPU = Release|Any CPU
	EndGlobalSection
	GlobalSection(ProjectConfigurationPlatforms) = postSolution
		{DA9FF20C-2F2F-42CD-AA2B-D80C3189F17E}.Debug|Any CPU.ActiveCfg = Debug|Any CPU
		{DA9FF20C-2F2F-42CD-AA2B-D80C3189F17E}.Debug|Any CPU.Build.0 = Debug|Any CPU
		{DA9FF20C-2F2F-42CD-AA2B-D80C3189F17E}.Release|Any CPU.ActiveCfg = Release|Any CPU
		{DA9FF20C-2F2F-42CD-AA2B-D80C3189F17E}.Release|Any CPU.Build.0 = Release|Any CPU
		{88981108-1D96-49A8-B61F-CBDE5340C26A}.Debug|Any CPU.ActiveCfg = Debug|Any CPU
		{88981108-1D96-49A8-B61F-CBDE5340C26A}.Debug|Any CPU.Build.0 = Debug|Any CPU
		{88981108-1D96-49A8-B61F-CBDE5340C26A}.Release|Any CPU.ActiveCfg = Release|Any CPU
		{88981108-1D96-49A8-B61F-CBDE5340C26A}.Release|Any CPU.Build.0 = Release|Any CPU
	EndGlobalSection
	GlobalSection(SolutionProperties) = preSolution
		HideSolutionNode = FALSE
	EndGlobalSection
	GlobalSection(ExtensibilityGlobals) = postSolution
		SolutionGuid = {CE8EA445-168B-407C-AC72-5C594C873E39}
	EndGlobalSection
EndGlobal
